
Microsoft Visual Studio Solution File, Format Version 12.00
# Visual Studio Version 17
VisualStudioVersion = 17.0.32002.185
MinimumVisualStudioVersion = 10.0.40219.1
Project("{FAE04EC0-301F-11D3-BF4B-00C04F79EFBC}") = "ConsoleApp1", "ConsoleApp1.csproj", "{054B3B81-212D-4492-8C05-FEFBEDED65FA}"
EndProject
Global
	GlobalSection(SolutionConfigurationPlatforms) = preSolution
		Debug|Any CPU = Debug|Any CPU
		Release|Any CPU = Release|Any CPU
	EndGlobalSection
	GlobalSection(ProjectConfigurationPlatforms) = postSolution
		{054B3B81-212D-4492-8C05-FEFBEDED65FA}.Debug|Any CPU.ActiveCfg = Debug|Any CPU
		{054B3B81-212D-4492-8C05-FEFBEDED65FA}.Debug|Any CPU.Build.0 = Debug|Any CPU
		{054B3B81-212D-4492-8C05-FEFBEDED65FA}.Release|Any CPU.ActiveCfg = Release|Any CPU
		{054B3B81-212D-4492-8C05-FEFBEDED65FA}.Release|Any CPU.Build.0 = Release|Any CPU
	EndGlobalSection
	GlobalSection(SolutionProperties) = preSolution
		HideSolutionNode = FALSE
	EndGlobalSection
	GlobalSection(ExtensibilityGlobals) = postSolution
		SolutionGuid = {B7EB3E61-4198-476C-AAD4-CEE45AB8AC2F}
	EndGlobalSection
EndGlobal
